// !$*UTF8*$!
{
	archiveVersion = 1;
	classes = {
	};
	objectVersion = 51;
	objects = {

/* Begin PBXBuildFile section */
		2D835395B1C5990EF9A34C5A /* Pods_TwitchApp.framework in Frameworks */ = {isa = PBXBuildFile; fileRef = 2B2C3AAB9434775561701D03 /* Pods_TwitchApp.framework */; };
		7820E00525578148001B66FF /* AppUtility.swift in Sources */ = {isa = PBXBuildFile; fileRef = 7820E00425578148001B66FF /* AppUtility.swift */; };
		782FE6B32556F09F00E50EB8 /* AppDelegate.swift in Sources */ = {isa = PBXBuildFile; fileRef = 782FE6B22556F09F00E50EB8 /* AppDelegate.swift */; };
		782FE6B72556F09F00E50EB8 /* ViewController.swift in Sources */ = {isa = PBXBuildFile; fileRef = 782FE6B62556F09F00E50EB8 /* ViewController.swift */; };
		782FE6BA2556F09F00E50EB8 /* Main.storyboard in Resources */ = {isa = PBXBuildFile; fileRef = 782FE6B82556F09F00E50EB8 /* Main.storyboard */; };
		782FE6BC2556F0A100E50EB8 /* Assets.xcassets in Resources */ = {isa = PBXBuildFile; fileRef = 782FE6BB2556F0A100E50EB8 /* Assets.xcassets */; };
		782FE6BF2556F0A100E50EB8 /* LaunchScreen.storyboard in Resources */ = {isa = PBXBuildFile; fileRef = 782FE6BD2556F0A100E50EB8 /* LaunchScreen.storyboard */; };
		786E67142557364B00C11AAE /* WebViewContainer.swift in Sources */ = {isa = PBXBuildFile; fileRef = 786E67132557364B00C11AAE /* WebViewContainer.swift */; };
		786E6717255741E800C11AAE /* SettingsVC.swift in Sources */ = {isa = PBXBuildFile; fileRef = 786E6716255741E800C11AAE /* SettingsVC.swift */; };
		786E671B25574BD200C11AAE /* SettingsInfo.swift in Sources */ = {isa = PBXBuildFile; fileRef = 786E671A25574BD200C11AAE /* SettingsInfo.swift */; };
		786E67222557512300C11AAE /* Ext+String.swift in Sources */ = {isa = PBXBuildFile; fileRef = 786E67212557512300C11AAE /* Ext+String.swift */; };
		786E672525575C7A00C11AAE /* NumberTextField.swift in Sources */ = {isa = PBXBuildFile; fileRef = 786E672425575C7A00C11AAE /* NumberTextField.swift */; };
		788D39A92614F217006AD7A5 /* PersistUD.swift in Sources */ = {isa = PBXBuildFile; fileRef = 788D39A82614F217006AD7A5 /* PersistUD.swift */; };
		788D39AC2614F27C006AD7A5 /* SettingsService.swift in Sources */ = {isa = PBXBuildFile; fileRef = 788D39AB2614F27C006AD7A5 /* SettingsService.swift */; };
		788D39B22614F64B006AD7A5 /* Ext+UIStackView.swift in Sources */ = {isa = PBXBuildFile; fileRef = 788D39B12614F64B006AD7A5 /* Ext+UIStackView.swift */; };
		788D39B72614F73D006AD7A5 /* ChannelNameView.swift in Sources */ = {isa = PBXBuildFile; fileRef = 788D39B52614F73D006AD7A5 /* ChannelNameView.swift */; };
		788D39B82614F73D006AD7A5 /* ChannelNameView.xib in Resources */ = {isa = PBXBuildFile; fileRef = 788D39B62614F73D006AD7A5 /* ChannelNameView.xib */; };
		788D39BC2614F88F006AD7A5 /* XibView.swift in Sources */ = {isa = PBXBuildFile; fileRef = 788D39BB2614F88F006AD7A5 /* XibView.swift */; };
		7896F99B2557682B00EB090C /* WebViewVC.swift in Sources */ = {isa = PBXBuildFile; fileRef = 7896F99A2557682B00EB090C /* WebViewVC.swift */; };
		78E80311259E4036006F089E /* GoogleService-Info.plist in Resources */ = {isa = PBXBuildFile; fileRef = 78E80310259E4036006F089E /* GoogleService-Info.plist */; };
/* End PBXBuildFile section */

/* Begin PBXFileReference section */
		2B2C3AAB9434775561701D03 /* Pods_TwitchApp.framework */ = {isa = PBXFileReference; explicitFileType = wrapper.framework; includeInIndex = 0; path = Pods_TwitchApp.framework; sourceTree = BUILT_PRODUCTS_DIR; };
		73B5D8AF4BCD74BB642F88E6 /* Pods-TwitchApp.debug.xcconfig */ = {isa = PBXFileReference; includeInIndex = 1; lastKnownFileType = text.xcconfig; name = "Pods-TwitchApp.debug.xcconfig"; path = "Target Support Files/Pods-TwitchApp/Pods-TwitchApp.debug.xcconfig"; sourceTree = "<group>"; };
		7820E00425578148001B66FF /* AppUtility.swift */ = {isa = PBXFileReference; lastKnownFileType = sourcecode.swift; path = AppUtility.swift; sourceTree = "<group>"; };
		782FE6AF2556F09F00E50EB8 /* TwitchApp.app */ = {isa = PBXFileReference; explicitFileType = wrapper.application; includeInIndex = 0; path = TwitchApp.app; sourceTree = BUILT_PRODUCTS_DIR; };
		782FE6B22556F09F00E50EB8 /* AppDelegate.swift */ = {isa = PBXFileReference; lastKnownFileType = sourcecode.swift; path = AppDelegate.swift; sourceTree = "<group>"; };
		782FE6B62556F09F00E50EB8 /* ViewController.swift */ = {isa = PBXFileReference; lastKnownFileType = sourcecode.swift; path = ViewController.swift; sourceTree = "<group>"; };
		782FE6B92556F09F00E50EB8 /* Base */ = {isa = PBXFileReference; lastKnownFileType = file.storyboard; name = Base; path = Base.lproj/Main.storyboard; sourceTree = "<group>"; };
		782FE6BB2556F0A100E50EB8 /* Assets.xcassets */ = {isa = PBXFileReference; lastKnownFileType = folder.assetcatalog; path = Assets.xcassets; sourceTree = "<group>"; };
		782FE6BE2556F0A100E50EB8 /* Base */ = {isa = PBXFileReference; lastKnownFileType = file.storyboard; name = Base; path = Base.lproj/LaunchScreen.storyboard; sourceTree = "<group>"; };
		782FE6C02556F0A100E50EB8 /* Info.plist */ = {isa = PBXFileReference; lastKnownFileType = text.plist.xml; path = Info.plist; sourceTree = "<group>"; };
		786E67132557364B00C11AAE /* WebViewContainer.swift */ = {isa = PBXFileReference; lastKnownFileType = sourcecode.swift; path = WebViewContainer.swift; sourceTree = "<group>"; };
		786E6716255741E800C11AAE /* SettingsVC.swift */ = {isa = PBXFileReference; lastKnownFileType = sourcecode.swift; path = SettingsVC.swift; sourceTree = "<group>"; };
		786E671A25574BD200C11AAE /* SettingsInfo.swift */ = {isa = PBXFileReference; lastKnownFileType = sourcecode.swift; path = SettingsInfo.swift; sourceTree = "<group>"; };
		786E67212557512300C11AAE /* Ext+String.swift */ = {isa = PBXFileReference; lastKnownFileType = sourcecode.swift; path = "Ext+String.swift"; sourceTree = "<group>"; };
		786E672425575C7A00C11AAE /* NumberTextField.swift */ = {isa = PBXFileReference; lastKnownFileType = sourcecode.swift; path = NumberTextField.swift; sourceTree = "<group>"; };
		788D39A82614F217006AD7A5 /* PersistUD.swift */ = {isa = PBXFileReference; lastKnownFileType = sourcecode.swift; path = PersistUD.swift; sourceTree = "<group>"; };
		788D39AB2614F27C006AD7A5 /* SettingsService.swift */ = {isa = PBXFileReference; lastKnownFileType = sourcecode.swift; path = SettingsService.swift; sourceTree = "<group>"; };
		788D39B12614F64B006AD7A5 /* Ext+UIStackView.swift */ = {isa = PBXFileReference; lastKnownFileType = sourcecode.swift; path = "Ext+UIStackView.swift"; sourceTree = "<group>"; };
		788D39B52614F73D006AD7A5 /* ChannelNameView.swift */ = {isa = PBXFileReference; lastKnownFileType = sourcecode.swift; path = ChannelNameView.swift; sourceTree = "<group>"; };
		788D39B62614F73D006AD7A5 /* ChannelNameView.xib */ = {isa = PBXFileReference; lastKnownFileType = file.xib; path = ChannelNameView.xib; sourceTree = "<group>"; };
		788D39BB2614F88F006AD7A5 /* XibView.swift */ = {isa = PBXFileReference; lastKnownFileType = sourcecode.swift; path = XibView.swift; sourceTree = "<group>"; };
		7896F99A2557682B00EB090C /* WebViewVC.swift */ = {isa = PBXFileReference; lastKnownFileType = sourcecode.swift; path = WebViewVC.swift; sourceTree = "<group>"; };
		78E80310259E4036006F089E /* GoogleService-Info.plist */ = {isa = PBXFileReference; fileEncoding = 4; lastKnownFileType = text.plist.xml; path = "GoogleService-Info.plist"; sourceTree = "<group>"; };
		FCAF3A9672BF4A395B2D90F3 /* Pods-TwitchApp.release.xcconfig */ = {isa = PBXFileReference; includeInIndex = 1; lastKnownFileType = text.xcconfig; name = "Pods-TwitchApp.release.xcconfig"; path = "Target Support Files/Pods-TwitchApp/Pods-TwitchApp.release.xcconfig"; sourceTree = "<group>"; };
/* End PBXFileReference section */

/* Begin PBXFrameworksBuildPhase section */
		782FE6AC2556F09F00E50EB8 /* Frameworks */ = {
			isa = PBXFrameworksBuildPhase;
			buildActionMask = 2147483647;
			files = (
				2D835395B1C5990EF9A34C5A /* Pods_TwitchApp.framework in Frameworks */,
			);
			runOnlyForDeploymentPostprocessing = 0;
		};
/* End PBXFrameworksBuildPhase section */

/* Begin PBXGroup section */
		16A9332C0E19356B094588D9 /* Pods */ = {
			isa = PBXGroup;
			children = (
				73B5D8AF4BCD74BB642F88E6 /* Pods-TwitchApp.debug.xcconfig */,
				FCAF3A9672BF4A395B2D90F3 /* Pods-TwitchApp.release.xcconfig */,
			);
			path = Pods;
			sourceTree = "<group>";
		};
		74CBBB8C0560A11E41DBDF62 /* Frameworks */ = {
			isa = PBXGroup;
			children = (
				2B2C3AAB9434775561701D03 /* Pods_TwitchApp.framework */,
			);
			name = Frameworks;
			sourceTree = "<group>";
		};
		782FE6A62556F09F00E50EB8 = {
			isa = PBXGroup;
			children = (
				782FE6B12556F09F00E50EB8 /* TwitchApp */,
				782FE6B02556F09F00E50EB8 /* Products */,
				16A9332C0E19356B094588D9 /* Pods */,
				74CBBB8C0560A11E41DBDF62 /* Frameworks */,
			);
			sourceTree = "<group>";
		};
		782FE6B02556F09F00E50EB8 /* Products */ = {
			isa = PBXGroup;
			children = (
				782FE6AF2556F09F00E50EB8 /* TwitchApp.app */,
			);
			name = Products;
			sourceTree = "<group>";
		};
		782FE6B12556F09F00E50EB8 /* TwitchApp */ = {
			isa = PBXGroup;
			children = (
				782FE6B22556F09F00E50EB8 /* AppDelegate.swift */,
				782FE6B82556F09F00E50EB8 /* Main.storyboard */,
				782FE6B62556F09F00E50EB8 /* ViewController.swift */,
				786E6716255741E800C11AAE /* SettingsVC.swift */,
				7896F99A2557682B00EB090C /* WebViewVC.swift */,
				788D39B42614F71D006AD7A5 /* ChannelNameView */,
				782FE6BB2556F0A100E50EB8 /* Assets.xcassets */,
				786E67132557364B00C11AAE /* WebViewContainer.swift */,
				788D39BB2614F88F006AD7A5 /* XibView.swift */,
				788D39B02614F640006AD7A5 /* Extension */,
				788D39A72614F203006AD7A5 /* Model */,
				7820E00425578148001B66FF /* AppUtility.swift */,
				786E672425575C7A00C11AAE /* NumberTextField.swift */,
				782FE6BD2556F0A100E50EB8 /* LaunchScreen.storyboard */,
				78E80304259E3F23006F089E /* Target */,
			);
			path = TwitchApp;
			sourceTree = "<group>";
		};
		788D39A72614F203006AD7A5 /* Model */ = {
			isa = PBXGroup;
			children = (
				788D39A82614F217006AD7A5 /* PersistUD.swift */,
				786E671A25574BD200C11AAE /* SettingsInfo.swift */,
				788D39AB2614F27C006AD7A5 /* SettingsService.swift */,
			);
			path = Model;
			sourceTree = "<group>";
		};
		788D39B02614F640006AD7A5 /* Extension */ = {
			isa = PBXGroup;
			children = (
				786E67212557512300C11AAE /* Ext+String.swift */,
				788D39B12614F64B006AD7A5 /* Ext+UIStackView.swift */,
			);
			path = Extension;
			sourceTree = "<group>";
		};
		788D39B42614F71D006AD7A5 /* ChannelNameView */ = {
			isa = PBXGroup;
			children = (
				788D39B52614F73D006AD7A5 /* ChannelNameView.swift */,
				788D39B62614F73D006AD7A5 /* ChannelNameView.xib */,
			);
			path = ChannelNameView;
			sourceTree = "<group>";
		};
		78E80304259E3F23006F089E /* Target */ = {
			isa = PBXGroup;
			children = (
				78E80310259E4036006F089E /* GoogleService-Info.plist */,
				782FE6C02556F0A100E50EB8 /* Info.plist */,
			);
			path = Target;
			sourceTree = "<group>";
		};
/* End PBXGroup section */

/* Begin PBXNativeTarget section */
		782FE6AE2556F09F00E50EB8 /* TwitchApp */ = {
			isa = PBXNativeTarget;
			buildConfigurationList = 782FE6C32556F0A100E50EB8 /* Build configuration list for PBXNativeTarget "TwitchApp" */;
			buildPhases = (
				C83075F3E00F59C6BC639F6F /* [CP] Check Pods Manifest.lock */,
				782FE6AB2556F09F00E50EB8 /* Sources */,
				782FE6AC2556F09F00E50EB8 /* Frameworks */,
				782FE6AD2556F09F00E50EB8 /* Resources */,
				FEF04C3C53B4A7891C25A48F /* [CP] Embed Pods Frameworks */,
			);
			buildRules = (
			);
			dependencies = (
			);
			name = TwitchApp;
			productName = TwitchApp;
			productReference = 782FE6AF2556F09F00E50EB8 /* TwitchApp.app */;
			productType = "com.apple.product-type.application";
		};
/* End PBXNativeTarget section */

/* Begin PBXProject section */
		782FE6A72556F09F00E50EB8 /* Project object */ = {
			isa = PBXProject;
			attributes = {
				LastSwiftUpdateCheck = 1210;
				LastUpgradeCheck = 1210;
				TargetAttributes = {
					782FE6AE2556F09F00E50EB8 = {
						CreatedOnToolsVersion = 12.1;
					};
				};
			};
			buildConfigurationList = 782FE6AA2556F09F00E50EB8 /* Build configuration list for PBXProject "TwitchApp" */;
			compatibilityVersion = "Xcode 9.3";
			developmentRegion = en;
			hasScannedForEncodings = 0;
			knownRegions = (
				en,
				Base,
			);
			mainGroup = 782FE6A62556F09F00E50EB8;
			productRefGroup = 782FE6B02556F09F00E50EB8 /* Products */;
			projectDirPath = "";
			projectRoot = "";
			targets = (
				782FE6AE2556F09F00E50EB8 /* TwitchApp */,
			);
		};
/* End PBXProject section */

/* Begin PBXResourcesBuildPhase section */
		782FE6AD2556F09F00E50EB8 /* Resources */ = {
			isa = PBXResourcesBuildPhase;
			buildActionMask = 2147483647;
			files = (
				788D39B82614F73D006AD7A5 /* ChannelNameView.xib in Resources */,
				782FE6BF2556F0A100E50EB8 /* LaunchScreen.storyboard in Resources */,
				78E80311259E4036006F089E /* GoogleService-Info.plist in Resources */,
				782FE6BC2556F0A100E50EB8 /* Assets.xcassets in Resources */,
				782FE6BA2556F09F00E50EB8 /* Main.storyboard in Resources */,
			);
			runOnlyForDeploymentPostprocessing = 0;
		};
/* End PBXResourcesBuildPhase section */

/* Begin PBXShellScriptBuildPhase section */
		C83075F3E00F59C6BC639F6F /* [CP] Check Pods Manifest.lock */ = {
			isa = PBXShellScriptBuildPhase;
			buildActionMask = 2147483647;
			files = (
			);
			inputFileListPaths = (
			);
			inputPaths = (
				"${PODS_PODFILE_DIR_PATH}/Podfile.lock",
				"${PODS_ROOT}/Manifest.lock",
			);
			name = "[CP] Check Pods Manifest.lock";
			outputFileListPaths = (
			);
			outputPaths = (
				"$(DERIVED_FILE_DIR)/Pods-TwitchApp-checkManifestLockResult.txt",
			);
			runOnlyForDeploymentPostprocessing = 0;
			shellPath = /bin/sh;
			shellScript = "diff \"${PODS_PODFILE_DIR_PATH}/Podfile.lock\" \"${PODS_ROOT}/Manifest.lock\" > /dev/null\nif [ $? != 0 ] ; then\n    # print error to STDERR\n    echo \"error: The sandbox is not in sync with the Podfile.lock. Run 'pod install' or update your CocoaPods installation.\" >&2\n    exit 1\nfi\n# This output is used by Xcode 'outputs' to avoid re-running this script phase.\necho \"SUCCESS\" > \"${SCRIPT_OUTPUT_FILE_0}\"\n";
			showEnvVarsInLog = 0;
		};
		FEF04C3C53B4A7891C25A48F /* [CP] Embed Pods Frameworks */ = {
			isa = PBXShellScriptBuildPhase;
			buildActionMask = 2147483647;
			files = (
			);
			inputFileListPaths = (
				"${PODS_ROOT}/Target Support Files/Pods-TwitchApp/Pods-TwitchApp-frameworks-${CONFIGURATION}-input-files.xcfilelist",
			);
			name = "[CP] Embed Pods Frameworks";
			outputFileListPaths = (
				"${PODS_ROOT}/Target Support Files/Pods-TwitchApp/Pods-TwitchApp-frameworks-${CONFIGURATION}-output-files.xcfilelist",
			);
			runOnlyForDeploymentPostprocessing = 0;
			shellPath = /bin/sh;
			shellScript = "\"${PODS_ROOT}/Target Support Files/Pods-TwitchApp/Pods-TwitchApp-frameworks.sh\"\n";
			showEnvVarsInLog = 0;
		};
/* End PBXShellScriptBuildPhase section */

/* Begin PBXSourcesBuildPhase section */
		782FE6AB2556F09F00E50EB8 /* Sources */ = {
			isa = PBXSourcesBuildPhase;
			buildActionMask = 2147483647;
			files = (
				782FE6B72556F09F00E50EB8 /* ViewController.swift in Sources */,
				788D39B72614F73D006AD7A5 /* ChannelNameView.swift in Sources */,
				788D39A92614F217006AD7A5 /* PersistUD.swift in Sources */,
				786E671B25574BD200C11AAE /* SettingsInfo.swift in Sources */,
				7820E00525578148001B66FF /* AppUtility.swift in Sources */,
				786E672525575C7A00C11AAE /* NumberTextField.swift in Sources */,
				786E67222557512300C11AAE /* Ext+String.swift in Sources */,
				7896F99B2557682B00EB090C /* WebViewVC.swift in Sources */,
				788D39BC2614F88F006AD7A5 /* XibView.swift in Sources */,
				788D39AC2614F27C006AD7A5 /* SettingsService.swift in Sources */,
				786E6717255741E800C11AAE /* SettingsVC.swift in Sources */,
				786E67142557364B00C11AAE /* WebViewContainer.swift in Sources */,
				782FE6B32556F09F00E50EB8 /* AppDelegate.swift in Sources */,
				788D39B22614F64B006AD7A5 /* Ext+UIStackView.swift in Sources */,
			);
			runOnlyForDeploymentPostprocessing = 0;
		};
/* End PBXSourcesBuildPhase section */

/* Begin PBXVariantGroup section */
		782FE6B82556F09F00E50EB8 /* Main.storyboard */ = {
			isa = PBXVariantGroup;
			children = (
				782FE6B92556F09F00E50EB8 /* Base */,
			);
			name = Main.storyboard;
			sourceTree = "<group>";
		};
		782FE6BD2556F0A100E50EB8 /* LaunchScreen.storyboard */ = {
			isa = PBXVariantGroup;
			children = (
				782FE6BE2556F0A100E50EB8 /* Base */,
			);
			name = LaunchScreen.storyboard;
			sourceTree = "<group>";
		};
/* End PBXVariantGroup section */

/* Begin XCBuildConfiguration section */
		782FE6C12556F0A100E50EB8 /* Debug */ = {
			isa = XCBuildConfiguration;
			buildSettings = {
				ALWAYS_SEARCH_USER_PATHS = NO;
				CLANG_ANALYZER_NONNULL = YES;
				CLANG_ANALYZER_NUMBER_OBJECT_CONVERSION = YES_AGGRESSIVE;
				CLANG_CXX_LANGUAGE_STANDARD = "gnu++14";
				CLANG_CXX_LIBRARY = "libc++";
				CLANG_ENABLE_MODULES = YES;
				CLANG_ENABLE_OBJC_ARC = YES;
				CLANG_ENABLE_OBJC_WEAK = YES;
				CLANG_WARN_BLOCK_CAPTURE_AUTORELEASING = YES;
				CLANG_WARN_BOOL_CONVERSION = YES;
				CLANG_WARN_COMMA = YES;
				CLANG_WARN_CONSTANT_CONVERSION = YES;
				CLANG_WARN_DEPRECATED_OBJC_IMPLEMENTATIONS = YES;
				CLANG_WARN_DIRECT_OBJC_ISA_USAGE = YES_ERROR;
				CLANG_WARN_DOCUMENTATION_COMMENTS = YES;
				CLANG_WARN_EMPTY_BODY = YES;
				CLANG_WARN_ENUM_CONVERSION = YES;
				CLANG_WARN_INFINITE_RECURSION = YES;
				CLANG_WARN_INT_CONVERSION = YES;
				CLANG_WARN_NON_LITERAL_NULL_CONVERSION = YES;
				CLANG_WARN_OBJC_IMPLICIT_RETAIN_SELF = YES;
				CLANG_WARN_OBJC_LITERAL_CONVERSION = YES;
				CLANG_WARN_OBJC_ROOT_CLASS = YES_ERROR;
				CLANG_WARN_QUOTED_INCLUDE_IN_FRAMEWORK_HEADER = YES;
				CLANG_WARN_RANGE_LOOP_ANALYSIS = YES;
				CLANG_WARN_STRICT_PROTOTYPES = YES;
				CLANG_WARN_SUSPICIOUS_MOVE = YES;
				CLANG_WARN_UNGUARDED_AVAILABILITY = YES_AGGRESSIVE;
				CLANG_WARN_UNREACHABLE_CODE = YES;
				CLANG_WARN__DUPLICATE_METHOD_MATCH = YES;
				COPY_PHASE_STRIP = NO;
				DEBUG_INFORMATION_FORMAT = dwarf;
				ENABLE_STRICT_OBJC_MSGSEND = YES;
				ENABLE_TESTABILITY = YES;
				GCC_C_LANGUAGE_STANDARD = gnu11;
				GCC_DYNAMIC_NO_PIC = NO;
				GCC_NO_COMMON_BLOCKS = YES;
				GCC_OPTIMIZATION_LEVEL = 0;
				GCC_PREPROCESSOR_DEFINITIONS = (
					"DEBUG=1",
					"$(inherited)",
				);
				GCC_WARN_64_TO_32_BIT_CONVERSION = YES;
				GCC_WARN_ABOUT_RETURN_TYPE = YES_ERROR;
				GCC_WARN_UNDECLARED_SELECTOR = YES;
				GCC_WARN_UNINITIALIZED_AUTOS = YES_AGGRESSIVE;
				GCC_WARN_UNUSED_FUNCTION = YES;
				GCC_WARN_UNUSED_VARIABLE = YES;
				IPHONEOS_DEPLOYMENT_TARGET = 11.0;
				MTL_ENABLE_DEBUG_INFO = INCLUDE_SOURCE;
				MTL_FAST_MATH = YES;
				ONLY_ACTIVE_ARCH = YES;
				SDKROOT = iphoneos;
				SWIFT_ACTIVE_COMPILATION_CONDITIONS = DEBUG;
				SWIFT_OPTIMIZATION_LEVEL = "-Onone";
			};
			name = Debug;
		};
		782FE6C22556F0A100E50EB8 /* Release */ = {
			isa = XCBuildConfiguration;
			buildSettings = {
				ALWAYS_SEARCH_USER_PATHS = NO;
				CLANG_ANALYZER_NONNULL = YES;
				CLANG_ANALYZER_NUMBER_OBJECT_CONVERSION = YES_AGGRESSIVE;
				CLANG_CXX_LANGUAGE_STANDARD = "gnu++14";
				CLANG_CXX_LIBRARY = "libc++";
				CLANG_ENABLE_MODULES = YES;
				CLANG_ENABLE_OBJC_ARC = YES;
				CLANG_ENABLE_OBJC_WEAK = YES;
				CLANG_WARN_BLOCK_CAPTURE_AUTORELEASING = YES;
				CLANG_WARN_BOOL_CONVERSION = YES;
				CLANG_WARN_COMMA = YES;
				CLANG_WARN_CONSTANT_CONVERSION = YES;
				CLANG_WARN_DEPRECATED_OBJC_IMPLEMENTATIONS = YES;
				CLANG_WARN_DIRECT_OBJC_ISA_USAGE = YES_ERROR;
				CLANG_WARN_DOCUMENTATION_COMMENTS = YES;
				CLANG_WARN_EMPTY_BODY = YES;
				CLANG_WARN_ENUM_CONVERSION = YES;
				CLANG_WARN_INFINITE_RECURSION = YES;
				CLANG_WARN_INT_CONVERSION = YES;
				CLANG_WARN_NON_LITERAL_NULL_CONVERSION = YES;
				CLANG_WARN_OBJC_IMPLICIT_RETAIN_SELF = YES;
				CLANG_WARN_OBJC_LITERAL_CONVERSION = YES;
				CLANG_WARN_OBJC_ROOT_CLASS = YES_ERROR;
				CLANG_WARN_QUOTED_INCLUDE_IN_FRAMEWORK_HEADER = YES;
				CLANG_WARN_RANGE_LOOP_ANALYSIS = YES;
				CLANG_WARN_STRICT_PROTOTYPES = YES;
				CLANG_WARN_SUSPICIOUS_MOVE = YES;
				CLANG_WARN_UNGUARDED_AVAILABILITY = YES_AGGRESSIVE;
				CLANG_WARN_UNREACHABLE_CODE = YES;
				CLANG_WARN__DUPLICATE_METHOD_MATCH = YES;
				COPY_PHASE_STRIP = NO;
				DEBUG_INFORMATION_FORMAT = "dwarf-with-dsym";
				ENABLE_NS_ASSERTIONS = NO;
				ENABLE_STRICT_OBJC_MSGSEND = YES;
				GCC_C_LANGUAGE_STANDARD = gnu11;
				GCC_NO_COMMON_BLOCKS = YES;
				GCC_WARN_64_TO_32_BIT_CONVERSION = YES;
				GCC_WARN_ABOUT_RETURN_TYPE = YES_ERROR;
				GCC_WARN_UNDECLARED_SELECTOR = YES;
				GCC_WARN_UNINITIALIZED_AUTOS = YES_AGGRESSIVE;
				GCC_WARN_UNUSED_FUNCTION = YES;
				GCC_WARN_UNUSED_VARIABLE = YES;
				IPHONEOS_DEPLOYMENT_TARGET = 11.0;
				MTL_ENABLE_DEBUG_INFO = NO;
				MTL_FAST_MATH = YES;
				SDKROOT = iphoneos;
				SWIFT_COMPILATION_MODE = wholemodule;
				SWIFT_OPTIMIZATION_LEVEL = "-O";
				VALIDATE_PRODUCT = YES;
			};
			name = Release;
		};
		782FE6C42556F0A100E50EB8 /* Debug */ = {
			isa = XCBuildConfiguration;
			baseConfigurationReference = 73B5D8AF4BCD74BB642F88E6 /* Pods-TwitchApp.debug.xcconfig */;
			buildSettings = {
				ASSETCATALOG_COMPILER_APPICON_NAME = AppIcon;
				ASSETCATALOG_COMPILER_GLOBAL_ACCENT_COLOR_NAME = AccentColor;
				CODE_SIGN_STYLE = Automatic;
				CURRENT_PROJECT_VERSION = 2;
				DEVELOPMENT_TEAM = 3N7UM53GCD;
				INFOPLIST_FILE = "$(SRCROOT)/TwitchApp/Target/Info.plist";
				LD_RUNPATH_SEARCH_PATHS = (
					"$(inherited)",
					"@executable_path/Frameworks",
				);
				PRODUCT_BUNDLE_IDENTIFIER = smalex.TwitchApp;
				PRODUCT_NAME = "$(TARGET_NAME)";
				SWIFT_VERSION = 5.0;
				TARGETED_DEVICE_FAMILY = "1,2";
			};
			name = Debug;
		};
		782FE6C52556F0A100E50EB8 /* Release */ = {
			isa = XCBuildConfiguration;
			baseConfigurationReference = FCAF3A9672BF4A395B2D90F3 /* Pods-TwitchApp.release.xcconfig */;
			buildSettings = {
				ASSETCATALOG_COMPILER_APPICON_NAME = AppIcon;
				ASSETCATALOG_COMPILER_GLOBAL_ACCENT_COLOR_NAME = AccentColor;
				CODE_SIGN_STYLE = Automatic;
				CURRENT_PROJECT_VERSION = 2;
				DEVELOPMENT_TEAM = 3N7UM53GCD;
				INFOPLIST_FILE = "$(SRCROOT)/TwitchApp/Target/Info.plist";
				LD_RUNPATH_SEARCH_PATHS = (
					"$(inherited)",
					"@executable_path/Frameworks",
				);
				PRODUCT_BUNDLE_IDENTIFIER = smalex.TwitchApp;
				PRODUCT_NAME = "$(TARGET_NAME)";
				SWIFT_VERSION = 5.0;
				TARGETED_DEVICE_FAMILY = "1,2";
			};
			name = Release;
		};
/* End XCBuildConfiguration section */

/* Begin XCConfigurationList section */
		782FE6AA2556F09F00E50EB8 /* Build configuration list for PBXProject "TwitchApp" */ = {
			isa = XCConfigurationList;
			buildConfigurations = (
				782FE6C12556F0A100E50EB8 /* Debug */,
				782FE6C22556F0A100E50EB8 /* Release */,
			);
			defaultConfigurationIsVisible = 0;
			defaultConfigurationName = Release;
		};
		782FE6C32556F0A100E50EB8 /* Build configuration list for PBXNativeTarget "TwitchApp" */ = {
			isa = XCConfigurationList;
			buildConfigurations = (
				782FE6C42556F0A100E50EB8 /* Debug */,
				782FE6C52556F0A100E50EB8 /* Release */,
			);
			defaultConfigurationIsVisible = 0;
			defaultConfigurationName = Release;
		};
/* End XCConfigurationList section */
	};
	rootObject = 782FE6A72556F09F00E50EB8 /* Project object */;
}
